{
  "nodes": {
    "darwin": {
      "inputs": {
        "nixpkgs": [
          "nixpkgs"
        ]
      },
      "locked": {
        "lastModified": 1622060422,
        "narHash": "sha256-hPVlvrAyf6zL7tTx0lpK+tMxEfZeMiIZ/A2xaJ41WOY=",
        "owner": "lnl7",
        "repo": "nix-darwin",
        "rev": "007d700e644ac588ad6668e6439950a5b6e2ff64",
        "type": "github"
      },
      "original": {
        "owner": "lnl7",
        "repo": "nix-darwin",
        "type": "github"
      }
    },
    "devshell": {
      "locked": {
        "lastModified": 1625086391,
        "narHash": "sha256-IpNPv1v8s4L3CoxhwcgZIitGpcrnNgnj09X7TA0QV3k=",
        "owner": "numtide",
        "repo": "devshell",
        "rev": "4b5ac7cf7d9a1cc60b965bb51b59922f2210cbc7",
        "type": "github"
      },
      "original": {
        "owner": "numtide",
        "repo": "devshell",
        "type": "github"
      }
    },
    "flake-compat": {
      "flake": false,
      "locked": {
        "lastModified": 1627913399,
        "narHash": "sha256-hY8g6H2KFL8ownSiFeMOjwPC8P0ueXpCVEbxgda3pko=",
        "owner": "edolstra",
        "repo": "flake-compat",
        "rev": "12c64ca55c1014cdc1b16ed5a804aa8576601ff2",
        "type": "github"
      },
      "original": {
        "owner": "edolstra",
        "repo": "flake-compat",
        "type": "github"
      }
    },
    "flake-compat_2": {
      "flake": false,
      "locked": {
        "lastModified": 1627913399,
        "narHash": "sha256-hY8g6H2KFL8ownSiFeMOjwPC8P0ueXpCVEbxgda3pko=",
        "owner": "edolstra",
        "repo": "flake-compat",
        "rev": "12c64ca55c1014cdc1b16ed5a804aa8576601ff2",
        "type": "github"
      },
      "original": {
        "owner": "edolstra",
        "repo": "flake-compat",
        "type": "github"
      }
    },
    "flake-utils": {
      "locked": {
        "lastModified": 1623875721,
        "narHash": "sha256-A8BU7bjS5GirpAUv4QA+QnJ4CceLHkcXdRp4xITDB0s=",
        "owner": "numtide",
        "repo": "flake-utils",
        "rev": "f7e004a55b120c02ecb6219596820fcd32ca8772",
        "type": "github"
      },
      "original": {
        "owner": "numtide",
        "repo": "flake-utils",
        "type": "github"
      }
    },
    "flake-utils_2": {
      "locked": {
        "lastModified": 1623875721,
        "narHash": "sha256-A8BU7bjS5GirpAUv4QA+QnJ4CceLHkcXdRp4xITDB0s=",
        "owner": "numtide",
        "repo": "flake-utils",
        "rev": "f7e004a55b120c02ecb6219596820fcd32ca8772",
        "type": "github"
      },
      "original": {
        "owner": "numtide",
        "repo": "flake-utils",
        "type": "github"
      }
    },
    "home-manager": {
      "inputs": {
        "nixpkgs": [
          "nixpkgs"
        ]
      },
      "locked": {
        "lastModified": 1628946811,
        "narHash": "sha256-u/A1RzWyP88zbMwVFJ41BAkh9BTLbSLfCigrGAgyZKQ=",
        "owner": "nix-community",
        "repo": "home-manager",
        "rev": "72f3bc6fa461a2899a06c87c137c7135e410e387",
        "type": "github"
      },
      "original": {
        "owner": "nix-community",
        "ref": "master",
        "repo": "home-manager",
        "type": "github"
      }
    },
    "neovim-flake": {
      "inputs": {
        "flake-utils": "flake-utils_2",
        "nixpkgs": [
          "nixpkgs"
        ]
      },
      "locked": {
        "dir": "contrib",
        "lastModified": 1629099801,
        "narHash": "sha256-oQQlr4eqmTO6o6daN6pqMhguejiHhGvE4/dIHfE9tp8=",
        "owner": "neovim",
        "repo": "neovim",
        "rev": "29712aef602b96d70c1cabbc7c717be1d045c4ca",
        "type": "github"
      },
      "original": {
        "dir": "contrib",
        "owner": "neovim",
        "repo": "neovim",
        "type": "github"
      }
    },
    "neovim-nightly-overlay": {
      "inputs": {
        "flake-compat": "flake-compat_2",
        "neovim-flake": "neovim-flake",
        "nixpkgs": [
          "nixpkgs"
        ]
      },
      "locked": {
        "lastModified": 1629101799,
        "narHash": "sha256-nORFXCIY6DDez1n0h4WJMg6VUh9+zE0EXZb2SmgCyRI=",
        "owner": "nix-community",
        "repo": "neovim-nightly-overlay",
        "rev": "fd36b1238720fdd5f01ddb760cc4d51c97c003c3",
        "type": "github"
      },
      "original": {
        "owner": "nix-community",
        "repo": "neovim-nightly-overlay",
        "type": "github"
      }
    },
    "nixpkgs": {
      "locked": {
        "lastModified": 1629048390,
        "narHash": "sha256-do7HuXFSKyj4ulMlRvGigNZCqOaGD9i0M3OLkFQgEAc=",
        "owner": "nixos",
        "repo": "nixpkgs",
        "rev": "e41ba38114055832e5ba4a851e9c00149eef3e4a",
        "type": "github"
      },
      "original": {
        "owner": "nixos",
        "ref": "nixos-unstable",
        "repo": "nixpkgs",
        "type": "github"
      }
    },
    "root": {
      "inputs": {
        "darwin": "darwin",
        "devshell": "devshell",
        "flake-compat": "flake-compat",
        "flake-utils": "flake-utils",
        "home-manager": "home-manager",
        "neovim-nightly-overlay": "neovim-nightly-overlay",
        "nixpkgs": "nixpkgs",
        "stable": "stable"
      }
    },
    "stable": {
      "locked": {
        "lastModified": 1629033443,
        "narHash": "sha256-Vo3TvQvR5hsd3incx/xOt6GFgTm651CYVauHS/irOFo=",
        "owner": "nixos",
        "repo": "nixpkgs",
        "rev": "8ac785da9843aa110caeed6c912875e46a415a11",
        "type": "github"
      },
      "original": {
        "owner": "nixos",
        "ref": "nixos-21.05",
        "repo": "nixpkgs",
        "type": "github"
      }
    }
  },
  "root": "root",
  "version": 7
}
